lockfileVersion: '9.0'

settings:
  autoInstallPeers: true
  excludeLinksFromLockfile: false

importers:

  .:
    dependencies:
      '@schema-platform/flow-shared':
        specifier: ^1.0.0
        version: 1.0.0
    devDependencies:
      typescript:
        specifier: ~5.7.3
        version: 5.7.3

packages:

  '@schema-platform/flow-shared@1.0.0':
    resolution: {integrity: sha512-D5/H1BhmLk6dWMMfd6vAfSgD/nQxPu218KCvlaxKouVml59wCl+DLSL4F+rGxmxjhSpwnycnv7fLpzN3qRxlvw==, tarball: https://npm.pkg.github.com/download/@schema-platform/flow-shared/1.0.0/90fd53ae603f5265902ef92301d125ca30927aeb}

  typescript@5.7.3:
    resolution: {integrity: sha512-84MVSjMEHP+FQRPy3pX9sTVV/INIex71s9TL2Gm5FG/WG1SqXeKyZ0k7/blY/4FdOzI12CBy1vGc4og/eus0fw==}
    engines: {node: '>=14.17'}
    hasBin: true

snapshots:

  '@schema-platform/flow-shared@1.0.0': {}

  typescript@5.7.3: {}
