lockfileVersion: '9.0'

settings:
  autoInstallPeers: false
  excludeLinksFromLockfile: false

importers:

  .:
    dependencies:
      '@ai-harness/platform-tools':
        specifier: link:../../../plugins/platform-tools
        version: link:../../../plugins/platform-tools
      '@ai-harness/runner-http':
        specifier: link:../../../plugins/runner-http
        version: link:../../../plugins/runner-http
      '@ai-harness/tenant-gateway':
        specifier: link:../../../plugins/tenant-gateway
        version: link:../../../plugins/tenant-gateway
      '@ai-harness/trajectory-forward':
        specifier: link:../../../plugins/trajectory-forward
        version: link:../../../plugins/trajectory-forward
